
Microsoft Visual Studio Solution File, Format Version 12.00
# Visual Studio Version 17
VisualStudioVersion = 17.7.34024.191
MinimumVisualStudioVersion = 10.0.40219.1
Project("{FAE04EC0-301F-11D3-BF4B-00C04F79EFBC}") = "SoftUni", "Entity Framework Introduction\SoftUni.csproj", "{BEB63952-E766-496B-8D3F-A439B6B1379A}"
EndProject
Global
	GlobalSection(SolutionConfigurationPlatforms) = preSolution
		Debug|Any CPU = Debug|Any CPU
		Release|Any CPU = Release|Any CPU
	EndGlobalSection
	GlobalSection(ProjectConfigurationPlatforms) = postSolution
		{BEB63952-E766-496B-8D3F-A439B6B1379A}.Debug|Any CPU.ActiveCfg = Debug|Any CPU
		{BEB63952-E766-496B-8D3F-A439B6B1379A}.Debug|Any CPU.Build.0 = Debug|Any CPU
		{BEB63952-E766-496B-8D3F-A439B6B1379A}.Release|Any CPU.ActiveCfg = Release|Any CPU
		{BEB63952-E766-496B-8D3F-A439B6B1379A}.Release|Any CPU.Build.0 = Release|Any CPU
	EndGlobalSection
	GlobalSection(SolutionProperties) = preSolution
		HideSolutionNode = FALSE
	EndGlobalSection
	GlobalSection(ExtensibilityGlobals) = postSolution
		SolutionGuid = {A854D0C1-0A63-4AC0-A2FF-41F51EECE9B8}
	EndGlobalSection
EndGlobal
